# This file is automatically @generated by Cargo.
# It is not intended for manual editing.
version = 4

[[package]]
name = "black-hole-beam"
version = "0.1.0"

[[package]]
name = "black-hole-core"
version = "0.1.0"

[[package]]
name = "black-hole-flux"
version = "0.1.0"

[[package]]
name = "black-hole-ray"
version = "0.1.0"

[[package]]
name = "black-hole-sun"
version = "0.1.0"

[[package]]
name = "black-hole-void"
version = "0.1.0"

[[package]]
name = "black-hole-warp"
version = "0.1.0"
